
Microsoft Visual Studio Solution File, Format Version 12.00
# Visual Studio Version 17
VisualStudioVersion = 17.5.002.0
MinimumVisualStudioVersion = 10.0.40219.1
Project("{9A19103F-16F7-4668-BE54-9A1E7A4F7556}") = "CheckingWork", "CheckingWork.csproj", "{7A447310-F6FC-4CB2-892A-0C7230291508}"
EndProject
Global
	GlobalSection(SolutionConfigurationPlatforms) = preSolution
		Debug|Any CPU = Debug|Any CPU
		Release|Any CPU = Release|Any CPU
	EndGlobalSection
	GlobalSection(ProjectConfigurationPlatforms) = postSolution
		{7A447310-F6FC-4CB2-892A-0C7230291508}.Debug|Any CPU.ActiveCfg = Debug|Any CPU
		{7A447310-F6FC-4CB2-892A-0C7230291508}.Debug|Any CPU.Build.0 = Debug|Any CPU
		{7A447310-F6FC-4CB2-892A-0C7230291508}.Release|Any CPU.ActiveCfg = Release|Any CPU
		{7A447310-F6FC-4CB2-892A-0C7230291508}.Release|Any CPU.Build.0 = Release|Any CPU
	EndGlobalSection
	GlobalSection(SolutionProperties) = preSolution
		HideSolutionNode = FALSE
	EndGlobalSection
	GlobalSection(ExtensibilityGlobals) = postSolution
		SolutionGuid = {E1630526-8170-4C90-AD63-E4AA97FF8F29}
	EndGlobalSection
EndGlobal
